
Microsoft Visual Studio Solution File, Format Version 12.00
# Visual Studio Version 17
VisualStudioVersion = 17.2.32505.173
MinimumVisualStudioVersion = 10.0.40219.1
Project("{FAE04EC0-301F-11D3-BF4B-00C04F79EFBC}") = "213001_VP(MID)", "213001_VP(MID)\213001_VP(MID).csproj", "{BC97DF97-8E89-4199-909B-4A402A03000D}"
EndProject
Global
	GlobalSection(SolutionConfigurationPlatforms) = preSolution
		Debug|Any CPU = Debug|Any CPU
		Release|Any CPU = Release|Any CPU
	EndGlobalSection
	GlobalSection(ProjectConfigurationPlatforms) = postSolution
		{BC97DF97-8E89-4199-909B-4A402A03000D}.Debug|Any CPU.ActiveCfg = Debug|Any CPU
		{BC97DF97-8E89-4199-909B-4A402A03000D}.Debug|Any CPU.Build.0 = Debug|Any CPU
		{BC97DF97-8E89-4199-909B-4A402A03000D}.Release|Any CPU.ActiveCfg = Release|Any CPU
		{BC97DF97-8E89-4199-909B-4A402A03000D}.Release|Any CPU.Build.0 = Release|Any CPU
	EndGlobalSection
	GlobalSection(SolutionProperties) = preSolution
		HideSolutionNode = FALSE
	EndGlobalSection
	GlobalSection(ExtensibilityGlobals) = postSolution
		SolutionGuid = {AE48F90E-4548-41F3-BB2F-DEB90F47C5F7}
	EndGlobalSection
EndGlobal
